
Microsoft Visual Studio Solution File, Format Version 12.00
# Visual Studio Version 17
VisualStudioVersion = 17.8.34525.116
MinimumVisualStudioVersion = 10.0.40219.1
Project("{2150E333-8FDC-42A3-9474-1A3956D46DE8}") = "Services", "Services", "{26F5BC69-17EF-4AB5-A73C-C072ED6B0BF5}"
EndProject
Project("{2150E333-8FDC-42A3-9474-1A3956D46DE8}") = "Tests", "Tests", "{068099B7-9C18-4923-AB0A-799373DEC1A0}"
EndProject
Project("{2150E333-8FDC-42A3-9474-1A3956D46DE8}") = "ProductService", "ProductService", "{033D3E8A-BA46-421D-8BBC-024309C4E6FC}"
EndProject
Project("{2150E333-8FDC-42A3-9474-1A3956D46DE8}") = "CartService", "CartService", "{2E666886-49F2-4C0E-89DE-65817E140A1F}"
EndProject
Project("{9A19103F-16F7-4668-BE54-9A1E7A4F7556}") = "ProductService.API", "Services\ProductService\ProductService.API\ProductService.API.csproj", "{6A6EFC8F-C7CF-4C5A-9763-64CD4602B7A8}"
EndProject
Project("{9A19103F-16F7-4668-BE54-9A1E7A4F7556}") = "ProductService.Application", "Services\ProductService\ProductService.Application\ProductService.Application.csproj", "{6A750727-57A2-4690-8AC6-5B2E27F7F17F}"
EndProject
Project("{9A19103F-16F7-4668-BE54-9A1E7A4F7556}") = "ProductService.Infrastructure", "Services\ProductService\ProductService.Infrastructure\ProductService.Infrastructure.csproj", "{D57C49AA-B37F-43FC-8B32-4157816F843D}"
EndProject
Project("{9A19103F-16F7-4668-BE54-9A1E7A4F7556}") = "ProductService.Persistence", "Services\ProductService\ProductService.Persistence\ProductService.Persistence.csproj", "{BAD9A25E-6185-4C79-9DD4-C0AA47C712A1}"
EndProject
Project("{9A19103F-16F7-4668-BE54-9A1E7A4F7556}") = "ProductService.Domain", "Services\ProductService\ProductService.Domain\ProductService.Domain.csproj", "{38C71767-9713-4CBC-8C65-723F8906976F}"
EndProject
Project("{2150E333-8FDC-42A3-9474-1A3956D46DE8}") = "Solution Items", "Solution Items", "{44768745-922D-46EA-95A3-86AEBA7FD7BF}"
EndProject
Project("{2150E333-8FDC-42A3-9474-1A3956D46DE8}") = "BuildingBlocks", "BuildingBlocks", "{43D7B24D-09B8-434C-BE7D-3A095554B852}"
EndProject
Project("{9A19103F-16F7-4668-BE54-9A1E7A4F7556}") = "Shared", "BuildingBlocks\Shared\Shared.csproj", "{849111D8-1283-44C7-9B85-98D0337ABC04}"
EndProject
Project("{9A19103F-16F7-4668-BE54-9A1E7A4F7556}") = "CartService.API", "Services\CartService\CartService.API\CartService.API.csproj", "{E43E1A56-013C-4B36-B965-867BE950A6BB}"
	ProjectSection(ProjectDependencies) = postProject
		{849111D8-1283-44C7-9B85-98D0337ABC04} = {849111D8-1283-44C7-9B85-98D0337ABC04}
	EndProjectSection
EndProject
Project("{9A19103F-16F7-4668-BE54-9A1E7A4F7556}") = "CartService.Application", "Services\CartService\CartService.Application\CartService.Application.csproj", "{C91C8D00-3D2A-435D-9F00-FC9CBC638F32}"
EndProject
Project("{9A19103F-16F7-4668-BE54-9A1E7A4F7556}") = "CartService.Infrastructure", "Services\CartService\CartService.Infrastructure\CartService.Infrastructure.csproj", "{4CD877D5-264D-425E-94A5-EDA1D2BB2C83}"
EndProject
Project("{9A19103F-16F7-4668-BE54-9A1E7A4F7556}") = "CartService.Domain", "Services\CartService\CartService.Domain\CartService.Domain.csproj", "{CDD69730-9F2A-435B-8FF3-4013837D981C}"
EndProject
Project("{9A19103F-16F7-4668-BE54-9A1E7A4F7556}") = "CartService.Persistence", "Services\CartService\CartService.Persistence\CartService.Persistence.csproj", "{0516311F-1C10-4C4E-AB09-E01E0C4A5DA0}"
	ProjectSection(ProjectDependencies) = postProject
		{849111D8-1283-44C7-9B85-98D0337ABC04} = {849111D8-1283-44C7-9B85-98D0337ABC04}
		{C91C8D00-3D2A-435D-9F00-FC9CBC638F32} = {C91C8D00-3D2A-435D-9F00-FC9CBC638F32}
	EndProjectSection
EndProject
Project("{9A19103F-16F7-4668-BE54-9A1E7A4F7556}") = "ProductService.Test", "Tests\ProductService.Test\ProductService.Test.csproj", "{1149C9BC-7AE4-4307-9745-BD77CE6ACB57}"
EndProject
Project("{9A19103F-16F7-4668-BE54-9A1E7A4F7556}") = "CartService.Test", "Tests\CartService.Test\CartService.Test.csproj", "{8515B048-D2A4-427D-B241-D6D7DC19EC12}"
EndProject
Project("{E53339B2-1760-4266-BCC7-CA923CBCF16C}") = "docker-compose", "docker-compose.dcproj", "{28D85D91-72FB-40EF-BAE6-BDEF65BBD376}"
EndProject
Project("{9A19103F-16F7-4668-BE54-9A1E7A4F7556}") = "OcelotApiGateway", "ApiGateway\OcelotApiGateway\OcelotApiGateway.csproj", "{F3E75102-517A-497C-9194-884BE5E48249}"
EndProject
Project("{2150E333-8FDC-42A3-9474-1A3956D46DE8}") = "ApiGateway", "ApiGateway", "{C609C93E-8111-440A-BA4D-D54935BB0C5E}"
EndProject
Project("{2150E333-8FDC-42A3-9474-1A3956D46DE8}") = "AuthService", "AuthService", "{67249AAF-8E5B-4E1B-BCFE-95327FC444AC}"
EndProject
Project("{9A19103F-16F7-4668-BE54-9A1E7A4F7556}") = "AuthService.API", "Services\AuthService\AuthService.API\AuthService.API.csproj", "{627F537D-1A75-4D66-9AAE-D3A55D62BBD1}"
EndProject
Project("{9A19103F-16F7-4668-BE54-9A1E7A4F7556}") = "AuthService.Application", "Services\AuthService\AuthService.Application\AuthService.Application.csproj", "{FA1074E5-E347-40B2-8844-D52089587CF4}"
EndProject
Project("{9A19103F-16F7-4668-BE54-9A1E7A4F7556}") = "AuthService.Infrastructure", "Services\AuthService\AuthService.Infrastructure\AuthService.Infrastructure.csproj", "{21876E99-0DD3-4EDC-B7A4-3FEFF06A5D2D}"
EndProject
Project("{9A19103F-16F7-4668-BE54-9A1E7A4F7556}") = "AuthService.Persistence", "Services\AuthService\AuthService.Persistence\AuthService.Persistence.csproj", "{C1FBA5D1-6A76-41DB-B1AC-E248FCDEE51E}"
EndProject
Project("{9A19103F-16F7-4668-BE54-9A1E7A4F7556}") = "AuthService.Domain", "Services\AuthService\AuthService.Domain\AuthService.Domain.csproj", "{669C9042-30FB-4E33-9493-40ED7B239C7A}"
EndProject
Project("{9A19103F-16F7-4668-BE54-9A1E7A4F7556}") = "Caching", "BuildingBlocks\Caching\Caching.csproj", "{F5402B1C-23D9-424D-ABA9-F2118344D39C}"
EndProject
Project("{9A19103F-16F7-4668-BE54-9A1E7A4F7556}") = "EventMessage", "BuildingBlocks\EventMessage\EventMessage.csproj", "{3FD1A75F-ED6C-4BF1-B8A7-0D037DD6463E}"
EndProject
Global
	GlobalSection(SolutionConfigurationPlatforms) = preSolution
		Debug|Any CPU = Debug|Any CPU
		Release|Any CPU = Release|Any CPU
	EndGlobalSection
	GlobalSection(ProjectConfigurationPlatforms) = postSolution
		{6A6EFC8F-C7CF-4C5A-9763-64CD4602B7A8}.Debug|Any CPU.ActiveCfg = Debug|Any CPU
		{6A6EFC8F-C7CF-4C5A-9763-64CD4602B7A8}.Debug|Any CPU.Build.0 = Debug|Any CPU
		{6A6EFC8F-C7CF-4C5A-9763-64CD4602B7A8}.Release|Any CPU.ActiveCfg = Release|Any CPU
		{6A6EFC8F-C7CF-4C5A-9763-64CD4602B7A8}.Release|Any CPU.Build.0 = Release|Any CPU
		{6A750727-57A2-4690-8AC6-5B2E27F7F17F}.Debug|Any CPU.ActiveCfg = Debug|Any CPU
		{6A750727-57A2-4690-8AC6-5B2E27F7F17F}.Debug|Any CPU.Build.0 = Debug|Any CPU
		{6A750727-57A2-4690-8AC6-5B2E27F7F17F}.Release|Any CPU.ActiveCfg = Release|Any CPU
		{6A750727-57A2-4690-8AC6-5B2E27F7F17F}.Release|Any CPU.Build.0 = Release|Any CPU
		{D57C49AA-B37F-43FC-8B32-4157816F843D}.Debug|Any CPU.ActiveCfg = Debug|Any CPU
		{D57C49AA-B37F-43FC-8B32-4157816F843D}.Debug|Any CPU.Build.0 = Debug|Any CPU
		{D57C49AA-B37F-43FC-8B32-4157816F843D}.Release|Any CPU.ActiveCfg = Release|Any CPU
		{D57C49AA-B37F-43FC-8B32-4157816F843D}.Release|Any CPU.Build.0 = Release|Any CPU
		{BAD9A25E-6185-4C79-9DD4-C0AA47C712A1}.Debug|Any CPU.ActiveCfg = Debug|Any CPU
		{BAD9A25E-6185-4C79-9DD4-C0AA47C712A1}.Debug|Any CPU.Build.0 = Debug|Any CPU
		{BAD9A25E-6185-4C79-9DD4-C0AA47C712A1}.Release|Any CPU.ActiveCfg = Release|Any CPU
		{BAD9A25E-6185-4C79-9DD4-C0AA47C712A1}.Release|Any CPU.Build.0 = Release|Any CPU
		{38C71767-9713-4CBC-8C65-723F8906976F}.Debug|Any CPU.ActiveCfg = Debug|Any CPU
		{38C71767-9713-4CBC-8C65-723F8906976F}.Debug|Any CPU.Build.0 = Debug|Any CPU
		{38C71767-9713-4CBC-8C65-723F8906976F}.Release|Any CPU.ActiveCfg = Release|Any CPU
		{38C71767-9713-4CBC-8C65-723F8906976F}.Release|Any CPU.Build.0 = Release|Any CPU
		{849111D8-1283-44C7-9B85-98D0337ABC04}.Debug|Any CPU.ActiveCfg = Debug|Any CPU
		{849111D8-1283-44C7-9B85-98D0337ABC04}.Debug|Any CPU.Build.0 = Debug|Any CPU
		{849111D8-1283-44C7-9B85-98D0337ABC04}.Release|Any CPU.ActiveCfg = Release|Any CPU
		{849111D8-1283-44C7-9B85-98D0337ABC04}.Release|Any CPU.Build.0 = Release|Any CPU
		{E43E1A56-013C-4B36-B965-867BE950A6BB}.Debug|Any CPU.ActiveCfg = Debug|Any CPU
		{E43E1A56-013C-4B36-B965-867BE950A6BB}.Debug|Any CPU.Build.0 = Debug|Any CPU
		{E43E1A56-013C-4B36-B965-867BE950A6BB}.Release|Any CPU.ActiveCfg = Release|Any CPU
		{E43E1A56-013C-4B36-B965-867BE950A6BB}.Release|Any CPU.Build.0 = Release|Any CPU
		{C91C8D00-3D2A-435D-9F00-FC9CBC638F32}.Debug|Any CPU.ActiveCfg = Debug|Any CPU
		{C91C8D00-3D2A-435D-9F00-FC9CBC638F32}.Debug|Any CPU.Build.0 = Debug|Any CPU
		{C91C8D00-3D2A-435D-9F00-FC9CBC638F32}.Release|Any CPU.ActiveCfg = Release|Any CPU
		{C91C8D00-3D2A-435D-9F00-FC9CBC638F32}.Release|Any CPU.Build.0 = Release|Any CPU
		{4CD877D5-264D-425E-94A5-EDA1D2BB2C83}.Debug|Any CPU.ActiveCfg = Debug|Any CPU
		{4CD877D5-264D-425E-94A5-EDA1D2BB2C83}.Debug|Any CPU.Build.0 = Debug|Any CPU
		{4CD877D5-264D-425E-94A5-EDA1D2BB2C83}.Release|Any CPU.ActiveCfg = Release|Any CPU
		{4CD877D5-264D-425E-94A5-EDA1D2BB2C83}.Release|Any CPU.Build.0 = Release|Any CPU
		{CDD69730-9F2A-435B-8FF3-4013837D981C}.Debug|Any CPU.ActiveCfg = Debug|Any CPU
		{CDD69730-9F2A-435B-8FF3-4013837D981C}.Debug|Any CPU.Build.0 = Debug|Any CPU
		{CDD69730-9F2A-435B-8FF3-4013837D981C}.Release|Any CPU.ActiveCfg = Release|Any CPU
		{CDD69730-9F2A-435B-8FF3-4013837D981C}.Release|Any CPU.Build.0 = Release|Any CPU
		{0516311F-1C10-4C4E-AB09-E01E0C4A5DA0}.Debug|Any CPU.ActiveCfg = Debug|Any CPU
		{0516311F-1C10-4C4E-AB09-E01E0C4A5DA0}.Debug|Any CPU.Build.0 = Debug|Any CPU
		{0516311F-1C10-4C4E-AB09-E01E0C4A5DA0}.Release|Any CPU.ActiveCfg = Release|Any CPU
		{0516311F-1C10-4C4E-AB09-E01E0C4A5DA0}.Release|Any CPU.Build.0 = Release|Any CPU
		{1149C9BC-7AE4-4307-9745-BD77CE6ACB57}.Debug|Any CPU.ActiveCfg = Debug|Any CPU
		{1149C9BC-7AE4-4307-9745-BD77CE6ACB57}.Debug|Any CPU.Build.0 = Debug|Any CPU
		{1149C9BC-7AE4-4307-9745-BD77CE6ACB57}.Release|Any CPU.ActiveCfg = Release|Any CPU
		{1149C9BC-7AE4-4307-9745-BD77CE6ACB57}.Release|Any CPU.Build.0 = Release|Any CPU
		{8515B048-D2A4-427D-B241-D6D7DC19EC12}.Debug|Any CPU.ActiveCfg = Debug|Any CPU
		{8515B048-D2A4-427D-B241-D6D7DC19EC12}.Debug|Any CPU.Build.0 = Debug|Any CPU
		{8515B048-D2A4-427D-B241-D6D7DC19EC12}.Release|Any CPU.ActiveCfg = Release|Any CPU
		{8515B048-D2A4-427D-B241-D6D7DC19EC12}.Release|Any CPU.Build.0 = Release|Any CPU
		{28D85D91-72FB-40EF-BAE6-BDEF65BBD376}.Debug|Any CPU.ActiveCfg = Debug|Any CPU
		{28D85D91-72FB-40EF-BAE6-BDEF65BBD376}.Debug|Any CPU.Build.0 = Debug|Any CPU
		{28D85D91-72FB-40EF-BAE6-BDEF65BBD376}.Release|Any CPU.ActiveCfg = Release|Any CPU
		{28D85D91-72FB-40EF-BAE6-BDEF65BBD376}.Release|Any CPU.Build.0 = Release|Any CPU
		{F3E75102-517A-497C-9194-884BE5E48249}.Debug|Any CPU.ActiveCfg = Debug|Any CPU
		{F3E75102-517A-497C-9194-884BE5E48249}.Debug|Any CPU.Build.0 = Debug|Any CPU
		{F3E75102-517A-497C-9194-884BE5E48249}.Release|Any CPU.ActiveCfg = Release|Any CPU
		{F3E75102-517A-497C-9194-884BE5E48249}.Release|Any CPU.Build.0 = Release|Any CPU
		{627F537D-1A75-4D66-9AAE-D3A55D62BBD1}.Debug|Any CPU.ActiveCfg = Debug|Any CPU
		{627F537D-1A75-4D66-9AAE-D3A55D62BBD1}.Debug|Any CPU.Build.0 = Debug|Any CPU
		{627F537D-1A75-4D66-9AAE-D3A55D62BBD1}.Release|Any CPU.ActiveCfg = Release|Any CPU
		{627F537D-1A75-4D66-9AAE-D3A55D62BBD1}.Release|Any CPU.Build.0 = Release|Any CPU
		{FA1074E5-E347-40B2-8844-D52089587CF4}.Debug|Any CPU.ActiveCfg = Debug|Any CPU
		{FA1074E5-E347-40B2-8844-D52089587CF4}.Debug|Any CPU.Build.0 = Debug|Any CPU
		{FA1074E5-E347-40B2-8844-D52089587CF4}.Release|Any CPU.ActiveCfg = Release|Any CPU
		{FA1074E5-E347-40B2-8844-D52089587CF4}.Release|Any CPU.Build.0 = Release|Any CPU
		{21876E99-0DD3-4EDC-B7A4-3FEFF06A5D2D}.Debug|Any CPU.ActiveCfg = Debug|Any CPU
		{21876E99-0DD3-4EDC-B7A4-3FEFF06A5D2D}.Debug|Any CPU.Build.0 = Debug|Any CPU
		{21876E99-0DD3-4EDC-B7A4-3FEFF06A5D2D}.Release|Any CPU.ActiveCfg = Release|Any CPU
		{21876E99-0DD3-4EDC-B7A4-3FEFF06A5D2D}.Release|Any CPU.Build.0 = Release|Any CPU
		{C1FBA5D1-6A76-41DB-B1AC-E248FCDEE51E}.Debug|Any CPU.ActiveCfg = Debug|Any CPU
		{C1FBA5D1-6A76-41DB-B1AC-E248FCDEE51E}.Debug|Any CPU.Build.0 = Debug|Any CPU
		{C1FBA5D1-6A76-41DB-B1AC-E248FCDEE51E}.Release|Any CPU.ActiveCfg = Release|Any CPU
		{C1FBA5D1-6A76-41DB-B1AC-E248FCDEE51E}.Release|Any CPU.Build.0 = Release|Any CPU
		{669C9042-30FB-4E33-9493-40ED7B239C7A}.Debug|Any CPU.ActiveCfg = Debug|Any CPU
		{669C9042-30FB-4E33-9493-40ED7B239C7A}.Debug|Any CPU.Build.0 = Debug|Any CPU
		{669C9042-30FB-4E33-9493-40ED7B239C7A}.Release|Any CPU.ActiveCfg = Release|Any CPU
		{669C9042-30FB-4E33-9493-40ED7B239C7A}.Release|Any CPU.Build.0 = Release|Any CPU
		{F5402B1C-23D9-424D-ABA9-F2118344D39C}.Debug|Any CPU.ActiveCfg = Debug|Any CPU
		{F5402B1C-23D9-424D-ABA9-F2118344D39C}.Debug|Any CPU.Build.0 = Debug|Any CPU
		{F5402B1C-23D9-424D-ABA9-F2118344D39C}.Release|Any CPU.ActiveCfg = Release|Any CPU
		{F5402B1C-23D9-424D-ABA9-F2118344D39C}.Release|Any CPU.Build.0 = Release|Any CPU
		{3FD1A75F-ED6C-4BF1-B8A7-0D037DD6463E}.Debug|Any CPU.ActiveCfg = Debug|Any CPU
		{3FD1A75F-ED6C-4BF1-B8A7-0D037DD6463E}.Debug|Any CPU.Build.0 = Debug|Any CPU
		{3FD1A75F-ED6C-4BF1-B8A7-0D037DD6463E}.Release|Any CPU.ActiveCfg = Release|Any CPU
		{3FD1A75F-ED6C-4BF1-B8A7-0D037DD6463E}.Release|Any CPU.Build.0 = Release|Any CPU
	EndGlobalSection
	GlobalSection(SolutionProperties) = preSolution
		HideSolutionNode = FALSE
	EndGlobalSection
	GlobalSection(NestedProjects) = preSolution
		{033D3E8A-BA46-421D-8BBC-024309C4E6FC} = {26F5BC69-17EF-4AB5-A73C-C072ED6B0BF5}
		{2E666886-49F2-4C0E-89DE-65817E140A1F} = {26F5BC69-17EF-4AB5-A73C-C072ED6B0BF5}
		{6A6EFC8F-C7CF-4C5A-9763-64CD4602B7A8} = {033D3E8A-BA46-421D-8BBC-024309C4E6FC}
		{6A750727-57A2-4690-8AC6-5B2E27F7F17F} = {033D3E8A-BA46-421D-8BBC-024309C4E6FC}
		{D57C49AA-B37F-43FC-8B32-4157816F843D} = {033D3E8A-BA46-421D-8BBC-024309C4E6FC}
		{BAD9A25E-6185-4C79-9DD4-C0AA47C712A1} = {033D3E8A-BA46-421D-8BBC-024309C4E6FC}
		{38C71767-9713-4CBC-8C65-723F8906976F} = {033D3E8A-BA46-421D-8BBC-024309C4E6FC}
		{849111D8-1283-44C7-9B85-98D0337ABC04} = {43D7B24D-09B8-434C-BE7D-3A095554B852}
		{E43E1A56-013C-4B36-B965-867BE950A6BB} = {2E666886-49F2-4C0E-89DE-65817E140A1F}
		{C91C8D00-3D2A-435D-9F00-FC9CBC638F32} = {2E666886-49F2-4C0E-89DE-65817E140A1F}
		{4CD877D5-264D-425E-94A5-EDA1D2BB2C83} = {2E666886-49F2-4C0E-89DE-65817E140A1F}
		{CDD69730-9F2A-435B-8FF3-4013837D981C} = {2E666886-49F2-4C0E-89DE-65817E140A1F}
		{0516311F-1C10-4C4E-AB09-E01E0C4A5DA0} = {2E666886-49F2-4C0E-89DE-65817E140A1F}
		{1149C9BC-7AE4-4307-9745-BD77CE6ACB57} = {068099B7-9C18-4923-AB0A-799373DEC1A0}
		{8515B048-D2A4-427D-B241-D6D7DC19EC12} = {068099B7-9C18-4923-AB0A-799373DEC1A0}
		{28D85D91-72FB-40EF-BAE6-BDEF65BBD376} = {44768745-922D-46EA-95A3-86AEBA7FD7BF}
		{F3E75102-517A-497C-9194-884BE5E48249} = {C609C93E-8111-440A-BA4D-D54935BB0C5E}
		{67249AAF-8E5B-4E1B-BCFE-95327FC444AC} = {26F5BC69-17EF-4AB5-A73C-C072ED6B0BF5}
		{627F537D-1A75-4D66-9AAE-D3A55D62BBD1} = {67249AAF-8E5B-4E1B-BCFE-95327FC444AC}
		{FA1074E5-E347-40B2-8844-D52089587CF4} = {67249AAF-8E5B-4E1B-BCFE-95327FC444AC}
		{21876E99-0DD3-4EDC-B7A4-3FEFF06A5D2D} = {67249AAF-8E5B-4E1B-BCFE-95327FC444AC}
		{C1FBA5D1-6A76-41DB-B1AC-E248FCDEE51E} = {67249AAF-8E5B-4E1B-BCFE-95327FC444AC}
		{669C9042-30FB-4E33-9493-40ED7B239C7A} = {67249AAF-8E5B-4E1B-BCFE-95327FC444AC}
		{F5402B1C-23D9-424D-ABA9-F2118344D39C} = {43D7B24D-09B8-434C-BE7D-3A095554B852}
		{3FD1A75F-ED6C-4BF1-B8A7-0D037DD6463E} = {43D7B24D-09B8-434C-BE7D-3A095554B852}
	EndGlobalSection
	GlobalSection(ExtensibilityGlobals) = postSolution
		SolutionGuid = {18615BBD-8E6C-41BE-AD00-6135E4BED765}
	EndGlobalSection
EndGlobal
