
Microsoft Visual Studio Solution File, Format Version 12.00
# Visual Studio Version 17
VisualStudioVersion = 17.8.34525.116
MinimumVisualStudioVersion = 10.0.40219.1
Project("{2150E333-8FDC-42A3-9474-1A3956D46DE8}") = "Services", "Services", "{26F5BC69-17EF-4AB5-A73C-C072ED6B0BF5}"
EndProject
Project("{2150E333-8FDC-42A3-9474-1A3956D46DE8}") = "Tests", "Tests", "{068099B7-9C18-4923-AB0A-799373DEC1A0}"
EndProject
Project("{2150E333-8FDC-42A3-9474-1A3956D46DE8}") = "ProductService", "ProductService", "{033D3E8A-BA46-421D-8BBC-024309C4E6FC}"
EndProject
Project("{2150E333-8FDC-42A3-9474-1A3956D46DE8}") = "CartService", "CartService", "{2E666886-49F2-4C0E-89DE-65817E140A1F}"
EndProject
Project("{9A19103F-16F7-4668-BE54-9A1E7A4F7556}") = "ProductService.API", "Services\ProductService\ProductService.API\ProductService.API.csproj", "{6A6EFC8F-C7CF-4C5A-9763-64CD4602B7A8}"
EndProject
Project("{9A19103F-16F7-4668-BE54-9A1E7A4F7556}") = "ProductService.Application", "Services\ProductService\ProductService.Application\ProductService.Application.csproj", "{6A750727-57A2-4690-8AC6-5B2E27F7F17F}"
EndProject
Project("{9A19103F-16F7-4668-BE54-9A1E7A4F7556}") = "ProductService.Infrastructure", "Services\ProductService\ProductService.Infrastructure\ProductService.Infrastructure.csproj", "{D57C49AA-B37F-43FC-8B32-4157816F843D}"
EndProject
Project("{9A19103F-16F7-4668-BE54-9A1E7A4F7556}") = "ProductService.Persistence", "Services\ProductService\ProductService.Persistence\ProductService.Persistence.csproj", "{BAD9A25E-6185-4C79-9DD4-C0AA47C712A1}"
EndProject
Project("{9A19103F-16F7-4668-BE54-9A1E7A4F7556}") = "ProductService.Domain", "Services\ProductService\ProductService.Domain\ProductService.Domain.csproj", "{38C71767-9713-4CBC-8C65-723F8906976F}"
EndProject
Project("{2150E333-8FDC-42A3-9474-1A3956D46DE8}") = "Solution Items", "Solution Items", "{44768745-922D-46EA-95A3-86AEBA7FD7BF}"
EndProject
Project("{2150E333-8FDC-42A3-9474-1A3956D46DE8}") = "BuildingBlocks", "BuildingBlocks", "{43D7B24D-09B8-434C-BE7D-3A095554B852}"
EndProject
Project("{9A19103F-16F7-4668-BE54-9A1E7A4F7556}") = "Shared", "BuildingBlocks\Shared\Shared.csproj", "{849111D8-1283-44C7-9B85-98D0337ABC04}"
EndProject
Project("{E53339B2-1760-4266-BCC7-CA923CBCF16C}") = "docker-compose", "docker-compose.dcproj", "{1BC5DDFA-9EBB-43AD-A73F-A4CBE90071FF}"
EndProject
Global
	GlobalSection(SolutionConfigurationPlatforms) = preSolution
		Debug|Any CPU = Debug|Any CPU
		Release|Any CPU = Release|Any CPU
	EndGlobalSection
	GlobalSection(ProjectConfigurationPlatforms) = postSolution
		{6A6EFC8F-C7CF-4C5A-9763-64CD4602B7A8}.Debug|Any CPU.ActiveCfg = Debug|Any CPU
		{6A6EFC8F-C7CF-4C5A-9763-64CD4602B7A8}.Debug|Any CPU.Build.0 = Debug|Any CPU
		{6A6EFC8F-C7CF-4C5A-9763-64CD4602B7A8}.Release|Any CPU.ActiveCfg = Release|Any CPU
		{6A6EFC8F-C7CF-4C5A-9763-64CD4602B7A8}.Release|Any CPU.Build.0 = Release|Any CPU
		{6A750727-57A2-4690-8AC6-5B2E27F7F17F}.Debug|Any CPU.ActiveCfg = Debug|Any CPU
		{6A750727-57A2-4690-8AC6-5B2E27F7F17F}.Debug|Any CPU.Build.0 = Debug|Any CPU
		{6A750727-57A2-4690-8AC6-5B2E27F7F17F}.Release|Any CPU.ActiveCfg = Release|Any CPU
		{6A750727-57A2-4690-8AC6-5B2E27F7F17F}.Release|Any CPU.Build.0 = Release|Any CPU
		{D57C49AA-B37F-43FC-8B32-4157816F843D}.Debug|Any CPU.ActiveCfg = Debug|Any CPU
		{D57C49AA-B37F-43FC-8B32-4157816F843D}.Debug|Any CPU.Build.0 = Debug|Any CPU
		{D57C49AA-B37F-43FC-8B32-4157816F843D}.Release|Any CPU.ActiveCfg = Release|Any CPU
		{D57C49AA-B37F-43FC-8B32-4157816F843D}.Release|Any CPU.Build.0 = Release|Any CPU
		{BAD9A25E-6185-4C79-9DD4-C0AA47C712A1}.Debug|Any CPU.ActiveCfg = Debug|Any CPU
		{BAD9A25E-6185-4C79-9DD4-C0AA47C712A1}.Debug|Any CPU.Build.0 = Debug|Any CPU
		{BAD9A25E-6185-4C79-9DD4-C0AA47C712A1}.Release|Any CPU.ActiveCfg = Release|Any CPU
		{BAD9A25E-6185-4C79-9DD4-C0AA47C712A1}.Release|Any CPU.Build.0 = Release|Any CPU
		{38C71767-9713-4CBC-8C65-723F8906976F}.Debug|Any CPU.ActiveCfg = Debug|Any CPU
		{38C71767-9713-4CBC-8C65-723F8906976F}.Debug|Any CPU.Build.0 = Debug|Any CPU
		{38C71767-9713-4CBC-8C65-723F8906976F}.Release|Any CPU.ActiveCfg = Release|Any CPU
		{38C71767-9713-4CBC-8C65-723F8906976F}.Release|Any CPU.Build.0 = Release|Any CPU
		{849111D8-1283-44C7-9B85-98D0337ABC04}.Debug|Any CPU.ActiveCfg = Debug|Any CPU
		{849111D8-1283-44C7-9B85-98D0337ABC04}.Debug|Any CPU.Build.0 = Debug|Any CPU
		{849111D8-1283-44C7-9B85-98D0337ABC04}.Release|Any CPU.ActiveCfg = Release|Any CPU
		{849111D8-1283-44C7-9B85-98D0337ABC04}.Release|Any CPU.Build.0 = Release|Any CPU
		{1BC5DDFA-9EBB-43AD-A73F-A4CBE90071FF}.Debug|Any CPU.ActiveCfg = Debug|Any CPU
		{1BC5DDFA-9EBB-43AD-A73F-A4CBE90071FF}.Debug|Any CPU.Build.0 = Debug|Any CPU
		{1BC5DDFA-9EBB-43AD-A73F-A4CBE90071FF}.Release|Any CPU.ActiveCfg = Release|Any CPU
		{1BC5DDFA-9EBB-43AD-A73F-A4CBE90071FF}.Release|Any CPU.Build.0 = Release|Any CPU
	EndGlobalSection
	GlobalSection(SolutionProperties) = preSolution
		HideSolutionNode = FALSE
	EndGlobalSection
	GlobalSection(NestedProjects) = preSolution
		{033D3E8A-BA46-421D-8BBC-024309C4E6FC} = {26F5BC69-17EF-4AB5-A73C-C072ED6B0BF5}
		{2E666886-49F2-4C0E-89DE-65817E140A1F} = {26F5BC69-17EF-4AB5-A73C-C072ED6B0BF5}
		{6A6EFC8F-C7CF-4C5A-9763-64CD4602B7A8} = {033D3E8A-BA46-421D-8BBC-024309C4E6FC}
		{6A750727-57A2-4690-8AC6-5B2E27F7F17F} = {033D3E8A-BA46-421D-8BBC-024309C4E6FC}
		{D57C49AA-B37F-43FC-8B32-4157816F843D} = {033D3E8A-BA46-421D-8BBC-024309C4E6FC}
		{BAD9A25E-6185-4C79-9DD4-C0AA47C712A1} = {033D3E8A-BA46-421D-8BBC-024309C4E6FC}
		{38C71767-9713-4CBC-8C65-723F8906976F} = {033D3E8A-BA46-421D-8BBC-024309C4E6FC}
		{849111D8-1283-44C7-9B85-98D0337ABC04} = {43D7B24D-09B8-434C-BE7D-3A095554B852}
		{1BC5DDFA-9EBB-43AD-A73F-A4CBE90071FF} = {44768745-922D-46EA-95A3-86AEBA7FD7BF}
	EndGlobalSection
	GlobalSection(ExtensibilityGlobals) = postSolution
		SolutionGuid = {18615BBD-8E6C-41BE-AD00-6135E4BED765}
	EndGlobalSection
EndGlobal
